// !$*UTF8*$!
{
	archiveVersion = 1;
	classes = {
	};
	objectVersion = 56;
	objects = {

/* Begin PBXBuildFile section */
		83182EDF2BECCDD700F81A7C /* AppDelegate.swift in Sources */ = {isa = PBXBuildFile; fileRef = 83182EDE2BECCDD700F81A7C /* AppDelegate.swift */; };
		83182EE12BECCDD700F81A7C /* SceneDelegate.swift in Sources */ = {isa = PBXBuildFile; fileRef = 83182EE02BECCDD700F81A7C /* SceneDelegate.swift */; };
		83182EE32BECCDD700F81A7C /* ViewController.swift in Sources */ = {isa = PBXBuildFile; fileRef = 83182EE22BECCDD700F81A7C /* ViewController.swift */; };
		83182EE62BECCDD700F81A7C /* Base in Resources */ = {isa = PBXBuildFile; fileRef = 83182EE52BECCDD700F81A7C /* Base */; };
		83182EE82BECCDD900F81A7C /* Assets.xcassets in Resources */ = {isa = PBXBuildFile; fileRef = 83182EE72BECCDD900F81A7C /* Assets.xcassets */; };
		83182EEB2BECCDD900F81A7C /* Base in Resources */ = {isa = PBXBuildFile; fileRef = 83182EEA2BECCDD900F81A7C /* Base */; };
		83182EF62BECCDD900F81A7C /* JRNL_ProgrammaticallyTests.swift in Sources */ = {isa = PBXBuildFile; fileRef = 83182EF52BECCDD900F81A7C /* JRNL_ProgrammaticallyTests.swift */; };
		83182F002BECCDD900F81A7C /* JRNL_ProgrammaticallyUITests.swift in Sources */ = {isa = PBXBuildFile; fileRef = 83182EFF2BECCDD900F81A7C /* JRNL_ProgrammaticallyUITests.swift */; };
		83182F022BECCDD900F81A7C /* JRNL_ProgrammaticallyUITestsLaunchTests.swift in Sources */ = {isa = PBXBuildFile; fileRef = 83182F012BECCDD900F81A7C /* JRNL_ProgrammaticallyUITestsLaunchTests.swift */; };
		83182F102BECCE3A00F81A7C /* JournalListViewController.swift in Sources */ = {isa = PBXBuildFile; fileRef = 83182F0F2BECCE3A00F81A7C /* JournalListViewController.swift */; };
		83182F132BECCF0900F81A7C /* JournalTableCell.swift in Sources */ = {isa = PBXBuildFile; fileRef = 83182F122BECCF0900F81A7C /* JournalTableCell.swift */; };
		83182F172BECD8B400F81A7C /* RootTabBarController.swift in Sources */ = {isa = PBXBuildFile; fileRef = 83182F162BECD8B400F81A7C /* RootTabBarController.swift */; };
		83182F192BECE14A00F81A7C /* MapViewController.swift in Sources */ = {isa = PBXBuildFile; fileRef = 83182F182BECE14A00F81A7C /* MapViewController.swift */; };
		83182F1C2BECE40600F81A7C /* AppAppearance.swift in Sources */ = {isa = PBXBuildFile; fileRef = 83182F1B2BECE40600F81A7C /* AppAppearance.swift */; };
		83182F212BECE92600F81A7C /* AddJournalViewController.swift in Sources */ = {isa = PBXBuildFile; fileRef = 83182F202BECE92600F81A7C /* AddJournalViewController.swift */; };
		83A10B462BF61769009772A6 /* JournalListViewUseCase.swift in Sources */ = {isa = PBXBuildFile; fileRef = 83A10B452BF61769009772A6 /* JournalListViewUseCase.swift */; };
		83A10B482BF6209B009772A6 /* AddJournalViewUseCase.swift in Sources */ = {isa = PBXBuildFile; fileRef = 83A10B472BF6209B009772A6 /* AddJournalViewUseCase.swift */; };
		83A10B4F2BF62839009772A6 /* JournalFileContainer.swift in Sources */ = {isa = PBXBuildFile; fileRef = 83A10B4E2BF62839009772A6 /* JournalFileContainer.swift */; };
		83A10B532BF62873009772A6 /* Container.swift in Sources */ = {isa = PBXBuildFile; fileRef = 83A10B522BF62873009772A6 /* Container.swift */; };
		83A10B562BF62BEE009772A6 /* DefaultJournalListViewUseCase.swift in Sources */ = {isa = PBXBuildFile; fileRef = 83A10B552BF62BEE009772A6 /* DefaultJournalListViewUseCase.swift */; };
		83A10B592BF62C82009772A6 /* JournalService.swift in Sources */ = {isa = PBXBuildFile; fileRef = 83A10B582BF62C82009772A6 /* JournalService.swift */; };
		83A10B5C2BF63900009772A6 /* DIContainer.swift in Sources */ = {isa = PBXBuildFile; fileRef = 83A10B5B2BF63900009772A6 /* DIContainer.swift */; };
		83A10B5F2BF63B8B009772A6 /* Injected.swift in Sources */ = {isa = PBXBuildFile; fileRef = 83A10B5E2BF63B8B009772A6 /* Injected.swift */; };
		83A10B612BF63B9C009772A6 /* Module.swift in Sources */ = {isa = PBXBuildFile; fileRef = 83A10B602BF63B9C009772A6 /* Module.swift */; };
		83A10B632BF63BAD009772A6 /* InjectionKey.swift in Sources */ = {isa = PBXBuildFile; fileRef = 83A10B622BF63BAD009772A6 /* InjectionKey.swift */; };
		83A10B662BF63C34009772A6 /* Keys.swift in Sources */ = {isa = PBXBuildFile; fileRef = 83A10B652BF63C34009772A6 /* Keys.swift */; };
		83A10B682BF64A63009772A6 /* AddJournalViewModel.swift in Sources */ = {isa = PBXBuildFile; fileRef = 83A10B672BF64A63009772A6 /* AddJournalViewModel.swift */; };
		83A10B6A2BF64AC9009772A6 /* DefaultAddJournalViewUseCase.swift in Sources */ = {isa = PBXBuildFile; fileRef = 83A10B692BF64AC9009772A6 /* DefaultAddJournalViewUseCase.swift */; };
		83F4A58A2BEE237300CC3C4B /* Journal.swift in Sources */ = {isa = PBXBuildFile; fileRef = 83F4A5892BEE237300CC3C4B /* Journal.swift */; };
		83F4A58D2BEE245F00CC3C4B /* JournalMock.swift in Sources */ = {isa = PBXBuildFile; fileRef = 83F4A58C2BEE245F00CC3C4B /* JournalMock.swift */; };
		83F4A5912BEE263B00CC3C4B /* JournalListViewModel.swift in Sources */ = {isa = PBXBuildFile; fileRef = 83F4A5902BEE263B00CC3C4B /* JournalListViewModel.swift */; };
		83F4A5932BEE399D00CC3C4B /* JournalDetailTableViewController.swift in Sources */ = {isa = PBXBuildFile; fileRef = 83F4A5922BEE399D00CC3C4B /* JournalDetailTableViewController.swift */; };
		83F4A5972BEE408400CC3C4B /* JournalDetailTableLabelCell.swift in Sources */ = {isa = PBXBuildFile; fileRef = 83F4A5962BEE408400CC3C4B /* JournalDetailTableLabelCell.swift */; };
		83F4A59A2BEE417F00CC3C4B /* JournalDetailTableTextCell.swift in Sources */ = {isa = PBXBuildFile; fileRef = 83F4A5992BEE417F00CC3C4B /* JournalDetailTableTextCell.swift */; };
		83F4A59C2BEE41F200CC3C4B /* JournalDetailTableImageCell.swift in Sources */ = {isa = PBXBuildFile; fileRef = 83F4A59B2BEE41F200CC3C4B /* JournalDetailTableImageCell.swift */; };
		83F4A59F2BEE47C200CC3C4B /* CommonField.swift in Sources */ = {isa = PBXBuildFile; fileRef = 83F4A59E2BEE47C200CC3C4B /* CommonField.swift */; };
		83F4A5A42BEE489200CC3C4B /* BaseTableViewCell.swift in Sources */ = {isa = PBXBuildFile; fileRef = 83F4A5A32BEE489200CC3C4B /* BaseTableViewCell.swift */; };
		83F4A5AE2BEE4E1300CC3C4B /* CellContentType.swift in Sources */ = {isa = PBXBuildFile; fileRef = 83F4A5AD2BEE4E1300CC3C4B /* CellContentType.swift */; };
		83F4A5B02BEE665500CC3C4B /* JournalDetailTableViewModel.swift in Sources */ = {isa = PBXBuildFile; fileRef = 83F4A5AF2BEE665500CC3C4B /* JournalDetailTableViewModel.swift */; };
/* End PBXBuildFile section */

/* Begin PBXContainerItemProxy section */
		83182EF22BECCDD900F81A7C /* PBXContainerItemProxy */ = {
			isa = PBXContainerItemProxy;
			containerPortal = 83182ED32BECCDD700F81A7C /* Project object */;
			proxyType = 1;
			remoteGlobalIDString = 83182EDA2BECCDD700F81A7C;
			remoteInfo = "JRNL-Programmatically";
		};
		83182EFC2BECCDD900F81A7C /* PBXContainerItemProxy */ = {
			isa = PBXContainerItemProxy;
			containerPortal = 83182ED32BECCDD700F81A7C /* Project object */;
			proxyType = 1;
			remoteGlobalIDString = 83182EDA2BECCDD700F81A7C;
			remoteInfo = "JRNL-Programmatically";
		};
/* End PBXContainerItemProxy section */

/* Begin PBXFileReference section */
		83182EDB2BECCDD700F81A7C /* JRNL-Programmatically.app */ = {isa = PBXFileReference; explicitFileType = wrapper.application; includeInIndex = 0; path = "JRNL-Programmatically.app"; sourceTree = BUILT_PRODUCTS_DIR; };
		83182EDE2BECCDD700F81A7C /* AppDelegate.swift */ = {isa = PBXFileReference; lastKnownFileType = sourcecode.swift; path = AppDelegate.swift; sourceTree = "<group>"; };
		83182EE02BECCDD700F81A7C /* SceneDelegate.swift */ = {isa = PBXFileReference; lastKnownFileType = sourcecode.swift; path = SceneDelegate.swift; sourceTree = "<group>"; };
		83182EE22BECCDD700F81A7C /* ViewController.swift */ = {isa = PBXFileReference; lastKnownFileType = sourcecode.swift; path = ViewController.swift; sourceTree = "<group>"; };
		83182EE52BECCDD700F81A7C /* Base */ = {isa = PBXFileReference; lastKnownFileType = file.storyboard; name = Base; path = Base.lproj/Main.storyboard; sourceTree = "<group>"; };
		83182EE72BECCDD900F81A7C /* Assets.xcassets */ = {isa = PBXFileReference; lastKnownFileType = folder.assetcatalog; path = Assets.xcassets; sourceTree = "<group>"; };
		83182EEA2BECCDD900F81A7C /* Base */ = {isa = PBXFileReference; lastKnownFileType = file.storyboard; name = Base; path = Base.lproj/LaunchScreen.storyboard; sourceTree = "<group>"; };
		83182EEC2BECCDD900F81A7C /* Info.plist */ = {isa = PBXFileReference; lastKnownFileType = text.plist.xml; path = Info.plist; sourceTree = "<group>"; };
		83182EF12BECCDD900F81A7C /* JRNL-ProgrammaticallyTests.xctest */ = {isa = PBXFileReference; explicitFileType = wrapper.cfbundle; includeInIndex = 0; path = "JRNL-ProgrammaticallyTests.xctest"; sourceTree = BUILT_PRODUCTS_DIR; };
		83182EF52BECCDD900F81A7C /* JRNL_ProgrammaticallyTests.swift */ = {isa = PBXFileReference; lastKnownFileType = sourcecode.swift; path = JRNL_ProgrammaticallyTests.swift; sourceTree = "<group>"; };
		83182EFB2BECCDD900F81A7C /* JRNL-ProgrammaticallyUITests.xctest */ = {isa = PBXFileReference; explicitFileType = wrapper.cfbundle; includeInIndex = 0; path = "JRNL-ProgrammaticallyUITests.xctest"; sourceTree = BUILT_PRODUCTS_DIR; };
		83182EFF2BECCDD900F81A7C /* JRNL_ProgrammaticallyUITests.swift */ = {isa = PBXFileReference; lastKnownFileType = sourcecode.swift; path = JRNL_ProgrammaticallyUITests.swift; sourceTree = "<group>"; };
		83182F012BECCDD900F81A7C /* JRNL_ProgrammaticallyUITestsLaunchTests.swift */ = {isa = PBXFileReference; lastKnownFileType = sourcecode.swift; path = JRNL_ProgrammaticallyUITestsLaunchTests.swift; sourceTree = "<group>"; };
		83182F0F2BECCE3A00F81A7C /* JournalListViewController.swift */ = {isa = PBXFileReference; lastKnownFileType = sourcecode.swift; path = JournalListViewController.swift; sourceTree = "<group>"; };
		83182F122BECCF0900F81A7C /* JournalTableCell.swift */ = {isa = PBXFileReference; lastKnownFileType = sourcecode.swift; path = JournalTableCell.swift; sourceTree = "<group>"; };
		83182F162BECD8B400F81A7C /* RootTabBarController.swift */ = {isa = PBXFileReference; lastKnownFileType = sourcecode.swift; path = RootTabBarController.swift; sourceTree = "<group>"; };
		83182F182BECE14A00F81A7C /* MapViewController.swift */ = {isa = PBXFileReference; lastKnownFileType = sourcecode.swift; path = MapViewController.swift; sourceTree = "<group>"; };
		83182F1B2BECE40600F81A7C /* AppAppearance.swift */ = {isa = PBXFileReference; lastKnownFileType = sourcecode.swift; path = AppAppearance.swift; sourceTree = "<group>"; };
		83182F202BECE92600F81A7C /* AddJournalViewController.swift */ = {isa = PBXFileReference; lastKnownFileType = sourcecode.swift; path = AddJournalViewController.swift; sourceTree = "<group>"; };
		83A10B452BF61769009772A6 /* JournalListViewUseCase.swift */ = {isa = PBXFileReference; lastKnownFileType = sourcecode.swift; path = JournalListViewUseCase.swift; sourceTree = "<group>"; };
		83A10B472BF6209B009772A6 /* AddJournalViewUseCase.swift */ = {isa = PBXFileReference; lastKnownFileType = sourcecode.swift; path = AddJournalViewUseCase.swift; sourceTree = "<group>"; };
		83A10B4E2BF62839009772A6 /* JournalFileContainer.swift */ = {isa = PBXFileReference; lastKnownFileType = sourcecode.swift; path = JournalFileContainer.swift; sourceTree = "<group>"; };
		83A10B522BF62873009772A6 /* Container.swift */ = {isa = PBXFileReference; lastKnownFileType = sourcecode.swift; path = Container.swift; sourceTree = "<group>"; };
		83A10B552BF62BEE009772A6 /* DefaultJournalListViewUseCase.swift */ = {isa = PBXFileReference; lastKnownFileType = sourcecode.swift; path = DefaultJournalListViewUseCase.swift; sourceTree = "<group>"; };
		83A10B582BF62C82009772A6 /* JournalService.swift */ = {isa = PBXFileReference; lastKnownFileType = sourcecode.swift; path = JournalService.swift; sourceTree = "<group>"; };
		83A10B5B2BF63900009772A6 /* DIContainer.swift */ = {isa = PBXFileReference; lastKnownFileType = sourcecode.swift; path = DIContainer.swift; sourceTree = "<group>"; };
		83A10B5E2BF63B8B009772A6 /* Injected.swift */ = {isa = PBXFileReference; lastKnownFileType = sourcecode.swift; path = Injected.swift; sourceTree = "<group>"; };
		83A10B602BF63B9C009772A6 /* Module.swift */ = {isa = PBXFileReference; lastKnownFileType = sourcecode.swift; path = Module.swift; sourceTree = "<group>"; };
		83A10B622BF63BAD009772A6 /* InjectionKey.swift */ = {isa = PBXFileReference; lastKnownFileType = sourcecode.swift; path = InjectionKey.swift; sourceTree = "<group>"; };
		83A10B652BF63C34009772A6 /* Keys.swift */ = {isa = PBXFileReference; lastKnownFileType = sourcecode.swift; path = Keys.swift; sourceTree = "<group>"; };
		83A10B672BF64A63009772A6 /* AddJournalViewModel.swift */ = {isa = PBXFileReference; lastKnownFileType = sourcecode.swift; path = AddJournalViewModel.swift; sourceTree = "<group>"; };
		83A10B692BF64AC9009772A6 /* DefaultAddJournalViewUseCase.swift */ = {isa = PBXFileReference; lastKnownFileType = sourcecode.swift; path = DefaultAddJournalViewUseCase.swift; sourceTree = "<group>"; };
		83F4A5892BEE237300CC3C4B /* Journal.swift */ = {isa = PBXFileReference; lastKnownFileType = sourcecode.swift; path = Journal.swift; sourceTree = "<group>"; };
		83F4A58C2BEE245F00CC3C4B /* JournalMock.swift */ = {isa = PBXFileReference; lastKnownFileType = sourcecode.swift; path = JournalMock.swift; sourceTree = "<group>"; };
		83F4A5902BEE263B00CC3C4B /* JournalListViewModel.swift */ = {isa = PBXFileReference; lastKnownFileType = sourcecode.swift; path = JournalListViewModel.swift; sourceTree = "<group>"; };
		83F4A5922BEE399D00CC3C4B /* JournalDetailTableViewController.swift */ = {isa = PBXFileReference; lastKnownFileType = sourcecode.swift; path = JournalDetailTableViewController.swift; sourceTree = "<group>"; };
		83F4A5962BEE408400CC3C4B /* JournalDetailTableLabelCell.swift */ = {isa = PBXFileReference; lastKnownFileType = sourcecode.swift; path = JournalDetailTableLabelCell.swift; sourceTree = "<group>"; };
		83F4A5992BEE417F00CC3C4B /* JournalDetailTableTextCell.swift */ = {isa = PBXFileReference; lastKnownFileType = sourcecode.swift; path = JournalDetailTableTextCell.swift; sourceTree = "<group>"; };
		83F4A59B2BEE41F200CC3C4B /* JournalDetailTableImageCell.swift */ = {isa = PBXFileReference; lastKnownFileType = sourcecode.swift; path = JournalDetailTableImageCell.swift; sourceTree = "<group>"; };
		83F4A59E2BEE47C200CC3C4B /* CommonField.swift */ = {isa = PBXFileReference; lastKnownFileType = sourcecode.swift; path = CommonField.swift; sourceTree = "<group>"; };
		83F4A5A32BEE489200CC3C4B /* BaseTableViewCell.swift */ = {isa = PBXFileReference; lastKnownFileType = sourcecode.swift; path = BaseTableViewCell.swift; sourceTree = "<group>"; };
		83F4A5AD2BEE4E1300CC3C4B /* CellContentType.swift */ = {isa = PBXFileReference; lastKnownFileType = sourcecode.swift; path = CellContentType.swift; sourceTree = "<group>"; };
		83F4A5AF2BEE665500CC3C4B /* JournalDetailTableViewModel.swift */ = {isa = PBXFileReference; lastKnownFileType = sourcecode.swift; path = JournalDetailTableViewModel.swift; sourceTree = "<group>"; };
/* End PBXFileReference section */

/* Begin PBXFrameworksBuildPhase section */
		83182ED82BECCDD700F81A7C /* Frameworks */ = {
			isa = PBXFrameworksBuildPhase;
			buildActionMask = 2147483647;
			files = (
			);
			runOnlyForDeploymentPostprocessing = 0;
		};
		83182EEE2BECCDD900F81A7C /* Frameworks */ = {
			isa = PBXFrameworksBuildPhase;
			buildActionMask = 2147483647;
			files = (
			);
			runOnlyForDeploymentPostprocessing = 0;
		};
		83182EF82BECCDD900F81A7C /* Frameworks */ = {
			isa = PBXFrameworksBuildPhase;
			buildActionMask = 2147483647;
			files = (
			);
			runOnlyForDeploymentPostprocessing = 0;
		};
/* End PBXFrameworksBuildPhase section */

/* Begin PBXGroup section */
		83182ED22BECCDD700F81A7C = {
			isa = PBXGroup;
			children = (
				83182EDD2BECCDD700F81A7C /* JRNL-Programmatically */,
				83182EF42BECCDD900F81A7C /* JRNL-ProgrammaticallyTests */,
				83182EFE2BECCDD900F81A7C /* JRNL-ProgrammaticallyUITests */,
				83182EDC2BECCDD700F81A7C /* Products */,
			);
			sourceTree = "<group>";
		};
		83182EDC2BECCDD700F81A7C /* Products */ = {
			isa = PBXGroup;
			children = (
				83182EDB2BECCDD700F81A7C /* JRNL-Programmatically.app */,
				83182EF12BECCDD900F81A7C /* JRNL-ProgrammaticallyTests.xctest */,
				83182EFB2BECCDD900F81A7C /* JRNL-ProgrammaticallyUITests.xctest */,
			);
			name = Products;
			sourceTree = "<group>";
		};
		83182EDD2BECCDD700F81A7C /* JRNL-Programmatically */ = {
			isa = PBXGroup;
			children = (
				83182F1A2BECE3F600F81A7C /* Application */,
				83182F0E2BECCDF800F81A7C /* View */,
				83F4A58E2BEE262300CC3C4B /* ViewModel */,
				83A10B7B2BF66ABA009772A6 /* Data */,
				83F4A58B2BEE242100CC3C4B /* Preview_Contents */,
				83F4A5882BEE236B00CC3C4B /* Model */,
				83182EE22BECCDD700F81A7C /* ViewController.swift */,
				83182EE42BECCDD700F81A7C /* Main.storyboard */,
				83182EE72BECCDD900F81A7C /* Assets.xcassets */,
				83182EE92BECCDD900F81A7C /* LaunchScreen.storyboard */,
				83182EEC2BECCDD900F81A7C /* Info.plist */,
			);
			path = "JRNL-Programmatically";
			sourceTree = "<group>";
		};
		83182EF42BECCDD900F81A7C /* JRNL-ProgrammaticallyTests */ = {
			isa = PBXGroup;
			children = (
				83182EF52BECCDD900F81A7C /* JRNL_ProgrammaticallyTests.swift */,
			);
			path = "JRNL-ProgrammaticallyTests";
			sourceTree = "<group>";
		};
		83182EFE2BECCDD900F81A7C /* JRNL-ProgrammaticallyUITests */ = {
			isa = PBXGroup;
			children = (
				83182EFF2BECCDD900F81A7C /* JRNL_ProgrammaticallyUITests.swift */,
				83182F012BECCDD900F81A7C /* JRNL_ProgrammaticallyUITestsLaunchTests.swift */,
			);
			path = "JRNL-ProgrammaticallyUITests";
			sourceTree = "<group>";
		};
		83182F0E2BECCDF800F81A7C /* View */ = {
			isa = PBXGroup;
			children = (
				83182F1F2BECE5E600F81A7C /* MapFlow */,
				83182F1E2BECE5DC00F81A7C /* JournalFlow */,
				83182F1D2BECE5D400F81A7C /* Root */,
				83182F112BECCEEC00F81A7C /* Component */,
			);
			path = View;
			sourceTree = "<group>";
		};
		83182F112BECCEEC00F81A7C /* Component */ = {
			isa = PBXGroup;
			children = (
				83F4A5A62BEE48C400CC3C4B /* JournalTable */,
				83F4A5A52BEE48B700CC3C4B /* Common */,
				83F4A59D2BEE47B900CC3C4B /* Field */,
			);
			path = Component;
			sourceTree = "<group>";
		};
		83182F1A2BECE3F600F81A7C /* Application */ = {
			isa = PBXGroup;
			children = (
				83A10B5A2BF638EE009772A6 /* DIContainer */,
				83182EE02BECCDD700F81A7C /* SceneDelegate.swift */,
				83182EDE2BECCDD700F81A7C /* AppDelegate.swift */,
				83182F1B2BECE40600F81A7C /* AppAppearance.swift */,
			);
			path = Application;
			sourceTree = "<group>";
		};
		83182F1D2BECE5D400F81A7C /* Root */ = {
			isa = PBXGroup;
			children = (
				83182F162BECD8B400F81A7C /* RootTabBarController.swift */,
			);
			path = Root;
			sourceTree = "<group>";
		};
		83182F1E2BECE5DC00F81A7C /* JournalFlow */ = {
			isa = PBXGroup;
			children = (
				83182F0F2BECCE3A00F81A7C /* JournalListViewController.swift */,
				83182F202BECE92600F81A7C /* AddJournalViewController.swift */,
				83F4A5922BEE399D00CC3C4B /* JournalDetailTableViewController.swift */,
			);
			path = JournalFlow;
			sourceTree = "<group>";
		};
		83182F1F2BECE5E600F81A7C /* MapFlow */ = {
			isa = PBXGroup;
			children = (
				83182F182BECE14A00F81A7C /* MapViewController.swift */,
			);
			path = MapFlow;
			sourceTree = "<group>";
		};
		83A10B442BF61740009772A6 /* Protocols */ = {
			isa = PBXGroup;
			children = (
				83A10B512BF62869009772A6 /* Container */,
				83A10B502BF62860009772A6 /* UseCase */,
			);
			path = Protocols;
			sourceTree = "<group>";
		};
		83A10B4D2BF6282D009772A6 /* FileContainer */ = {
			isa = PBXGroup;
			children = (
				83A10B4E2BF62839009772A6 /* JournalFileContainer.swift */,
			);
			path = FileContainer;
			sourceTree = "<group>";
		};
		83A10B502BF62860009772A6 /* UseCase */ = {
			isa = PBXGroup;
			children = (
				83A10B452BF61769009772A6 /* JournalListViewUseCase.swift */,
				83A10B472BF6209B009772A6 /* AddJournalViewUseCase.swift */,
			);
			path = UseCase;
			sourceTree = "<group>";
		};
		83A10B512BF62869009772A6 /* Container */ = {
			isa = PBXGroup;
			children = (
				83A10B522BF62873009772A6 /* Container.swift */,
			);
			path = Container;
			sourceTree = "<group>";
		};
		83A10B542BF62BCE009772A6 /* Domain */ = {
			isa = PBXGroup;
			children = (
				83A10B552BF62BEE009772A6 /* DefaultJournalListViewUseCase.swift */,
				83A10B692BF64AC9009772A6 /* DefaultAddJournalViewUseCase.swift */,
			);
			path = Domain;
			sourceTree = "<group>";
		};
		83A10B572BF62C69009772A6 /* Service */ = {
			isa = PBXGroup;
			children = (
				83A10B582BF62C82009772A6 /* JournalService.swift */,
			);
			path = Service;
			sourceTree = "<group>";
		};
		83A10B5A2BF638EE009772A6 /* DIContainer */ = {
			isa = PBXGroup;
			children = (
				83A10B642BF63C29009772A6 /* Keys */,
				83A10B5B2BF63900009772A6 /* DIContainer.swift */,
				83A10B5E2BF63B8B009772A6 /* Injected.swift */,
				83A10B602BF63B9C009772A6 /* Module.swift */,
				83A10B622BF63BAD009772A6 /* InjectionKey.swift */,
			);
			path = DIContainer;
			sourceTree = "<group>";
		};
		83A10B642BF63C29009772A6 /* Keys */ = {
			isa = PBXGroup;
			children = (
				83A10B652BF63C34009772A6 /* Keys.swift */,
			);
			path = Keys;
			sourceTree = "<group>";
		};
		83A10B7B2BF66ABA009772A6 /* Data */ = {
			isa = PBXGroup;
			children = (
				83A10B4D2BF6282D009772A6 /* FileContainer */,
				83A10B572BF62C69009772A6 /* Service */,
			);
			path = Data;
			sourceTree = "<group>";
		};
		83F4A5882BEE236B00CC3C4B /* Model */ = {
			isa = PBXGroup;
			children = (
				83A10B542BF62BCE009772A6 /* Domain */,
				83A10B442BF61740009772A6 /* Protocols */,
				83F4A5892BEE237300CC3C4B /* Journal.swift */,
			);
			path = Model;
			sourceTree = "<group>";
		};
		83F4A58B2BEE242100CC3C4B /* Preview_Contents */ = {
			isa = PBXGroup;
			children = (
				83F4A58C2BEE245F00CC3C4B /* JournalMock.swift */,
			);
			path = Preview_Contents;
			sourceTree = "<group>";
		};
		83F4A58E2BEE262300CC3C4B /* ViewModel */ = {
			isa = PBXGroup;
			children = (
				83F4A58F2BEE262B00CC3C4B /* JournalFlow */,
			);
			path = ViewModel;
			sourceTree = "<group>";
		};
		83F4A58F2BEE262B00CC3C4B /* JournalFlow */ = {
			isa = PBXGroup;
			children = (
				83F4A5902BEE263B00CC3C4B /* JournalListViewModel.swift */,
				83F4A5AF2BEE665500CC3C4B /* JournalDetailTableViewModel.swift */,
				83A10B672BF64A63009772A6 /* AddJournalViewModel.swift */,
			);
			path = JournalFlow;
			sourceTree = "<group>";
		};
		83F4A59D2BEE47B900CC3C4B /* Field */ = {
			isa = PBXGroup;
			children = (
				83F4A5A22BEE482500CC3C4B /* TextField */,
				83F4A5A12BEE481D00CC3C4B /* ImageField */,
				83F4A5A02BEE47F500CC3C4B /* LabelField */,
				83F4A59E2BEE47C200CC3C4B /* CommonField.swift */,
			);
			path = Field;
			sourceTree = "<group>";
		};
		83F4A5A02BEE47F500CC3C4B /* LabelField */ = {
			isa = PBXGroup;
			children = (
				83F4A5962BEE408400CC3C4B /* JournalDetailTableLabelCell.swift */,
			);
			path = LabelField;
			sourceTree = "<group>";
		};
		83F4A5A12BEE481D00CC3C4B /* ImageField */ = {
			isa = PBXGroup;
			children = (
				83F4A59B2BEE41F200CC3C4B /* JournalDetailTableImageCell.swift */,
			);
			path = ImageField;
			sourceTree = "<group>";
		};
		83F4A5A22BEE482500CC3C4B /* TextField */ = {
			isa = PBXGroup;
			children = (
				83F4A5992BEE417F00CC3C4B /* JournalDetailTableTextCell.swift */,
			);
			path = TextField;
			sourceTree = "<group>";
		};
		83F4A5A52BEE48B700CC3C4B /* Common */ = {
			isa = PBXGroup;
			children = (
				83F4A5A32BEE489200CC3C4B /* BaseTableViewCell.swift */,
				83F4A5AD2BEE4E1300CC3C4B /* CellContentType.swift */,
			);
			path = Common;
			sourceTree = "<group>";
		};
		83F4A5A62BEE48C400CC3C4B /* JournalTable */ = {
			isa = PBXGroup;
			children = (
				83182F122BECCF0900F81A7C /* JournalTableCell.swift */,
			);
			path = JournalTable;
			sourceTree = "<group>";
		};
/* End PBXGroup section */

/* Begin PBXNativeTarget section */
		83182EDA2BECCDD700F81A7C /* JRNL-Programmatically */ = {
			isa = PBXNativeTarget;
			buildConfigurationList = 83182F052BECCDD900F81A7C /* Build configuration list for PBXNativeTarget "JRNL-Programmatically" */;
			buildPhases = (
				83182ED72BECCDD700F81A7C /* Sources */,
				83182ED82BECCDD700F81A7C /* Frameworks */,
				83182ED92BECCDD700F81A7C /* Resources */,
			);
			buildRules = (
			);
			dependencies = (
			);
			name = "JRNL-Programmatically";
			productName = "JRNL-Programmatically";
			productReference = 83182EDB2BECCDD700F81A7C /* JRNL-Programmatically.app */;
			productType = "com.apple.product-type.application";
		};
		83182EF02BECCDD900F81A7C /* JRNL-ProgrammaticallyTests */ = {
			isa = PBXNativeTarget;
			buildConfigurationList = 83182F082BECCDD900F81A7C /* Build configuration list for PBXNativeTarget "JRNL-ProgrammaticallyTests" */;
			buildPhases = (
				83182EED2BECCDD900F81A7C /* Sources */,
				83182EEE2BECCDD900F81A7C /* Frameworks */,
				83182EEF2BECCDD900F81A7C /* Resources */,
			);
			buildRules = (
			);
			dependencies = (
				83182EF32BECCDD900F81A7C /* PBXTargetDependency */,
			);
			name = "JRNL-ProgrammaticallyTests";
			productName = "JRNL-ProgrammaticallyTests";
			productReference = 83182EF12BECCDD900F81A7C /* JRNL-ProgrammaticallyTests.xctest */;
			productType = "com.apple.product-type.bundle.unit-test";
		};
		83182EFA2BECCDD900F81A7C /* JRNL-ProgrammaticallyUITests */ = {
			isa = PBXNativeTarget;
			buildConfigurationList = 83182F0B2BECCDD900F81A7C /* Build configuration list for PBXNativeTarget "JRNL-ProgrammaticallyUITests" */;
			buildPhases = (
				83182EF72BECCDD900F81A7C /* Sources */,
				83182EF82BECCDD900F81A7C /* Frameworks */,
				83182EF92BECCDD900F81A7C /* Resources */,
			);
			buildRules = (
			);
			dependencies = (
				83182EFD2BECCDD900F81A7C /* PBXTargetDependency */,
			);
			name = "JRNL-ProgrammaticallyUITests";
			productName = "JRNL-ProgrammaticallyUITests";
			productReference = 83182EFB2BECCDD900F81A7C /* JRNL-ProgrammaticallyUITests.xctest */;
			productType = "com.apple.product-type.bundle.ui-testing";
		};
/* End PBXNativeTarget section */

/* Begin PBXProject section */
		83182ED32BECCDD700F81A7C /* Project object */ = {
			isa = PBXProject;
			attributes = {
				BuildIndependentTargetsInParallel = 1;
				LastSwiftUpdateCheck = 1530;
				LastUpgradeCheck = 1530;
				TargetAttributes = {
					83182EDA2BECCDD700F81A7C = {
						CreatedOnToolsVersion = 15.3;
					};
					83182EF02BECCDD900F81A7C = {
						CreatedOnToolsVersion = 15.3;
						TestTargetID = 83182EDA2BECCDD700F81A7C;
					};
					83182EFA2BECCDD900F81A7C = {
						CreatedOnToolsVersion = 15.3;
						TestTargetID = 83182EDA2BECCDD700F81A7C;
					};
				};
			};
			buildConfigurationList = 83182ED62BECCDD700F81A7C /* Build configuration list for PBXProject "JRNL-Programmatically" */;
			compatibilityVersion = "Xcode 14.0";
			developmentRegion = en;
			hasScannedForEncodings = 0;
			knownRegions = (
				en,
				Base,
			);
			mainGroup = 83182ED22BECCDD700F81A7C;
			productRefGroup = 83182EDC2BECCDD700F81A7C /* Products */;
			projectDirPath = "";
			projectRoot = "";
			targets = (
				83182EDA2BECCDD700F81A7C /* JRNL-Programmatically */,
				83182EF02BECCDD900F81A7C /* JRNL-ProgrammaticallyTests */,
				83182EFA2BECCDD900F81A7C /* JRNL-ProgrammaticallyUITests */,
			);
		};
/* End PBXProject section */

/* Begin PBXResourcesBuildPhase section */
		83182ED92BECCDD700F81A7C /* Resources */ = {
			isa = PBXResourcesBuildPhase;
			buildActionMask = 2147483647;
			files = (
				83182EE82BECCDD900F81A7C /* Assets.xcassets in Resources */,
				83182EEB2BECCDD900F81A7C /* Base in Resources */,
				83182EE62BECCDD700F81A7C /* Base in Resources */,
			);
			runOnlyForDeploymentPostprocessing = 0;
		};
		83182EEF2BECCDD900F81A7C /* Resources */ = {
			isa = PBXResourcesBuildPhase;
			buildActionMask = 2147483647;
			files = (
			);
			runOnlyForDeploymentPostprocessing = 0;
		};
		83182EF92BECCDD900F81A7C /* Resources */ = {
			isa = PBXResourcesBuildPhase;
			buildActionMask = 2147483647;
			files = (
			);
			runOnlyForDeploymentPostprocessing = 0;
		};
/* End PBXResourcesBuildPhase section */

/* Begin PBXSourcesBuildPhase section */
		83182ED72BECCDD700F81A7C /* Sources */ = {
			isa = PBXSourcesBuildPhase;
			buildActionMask = 2147483647;
			files = (
				83182F102BECCE3A00F81A7C /* JournalListViewController.swift in Sources */,
				83A10B632BF63BAD009772A6 /* InjectionKey.swift in Sources */,
				83A10B4F2BF62839009772A6 /* JournalFileContainer.swift in Sources */,
				83F4A58A2BEE237300CC3C4B /* Journal.swift in Sources */,
				83A10B682BF64A63009772A6 /* AddJournalViewModel.swift in Sources */,
				83A10B482BF6209B009772A6 /* AddJournalViewUseCase.swift in Sources */,
				83182F172BECD8B400F81A7C /* RootTabBarController.swift in Sources */,
				83F4A5AE2BEE4E1300CC3C4B /* CellContentType.swift in Sources */,
				83A10B462BF61769009772A6 /* JournalListViewUseCase.swift in Sources */,
				83F4A59F2BEE47C200CC3C4B /* CommonField.swift in Sources */,
				83F4A5A42BEE489200CC3C4B /* BaseTableViewCell.swift in Sources */,
				83182F212BECE92600F81A7C /* AddJournalViewController.swift in Sources */,
				83182EE32BECCDD700F81A7C /* ViewController.swift in Sources */,
				83182F132BECCF0900F81A7C /* JournalTableCell.swift in Sources */,
				83A10B662BF63C34009772A6 /* Keys.swift in Sources */,
				83A10B532BF62873009772A6 /* Container.swift in Sources */,
				83182EDF2BECCDD700F81A7C /* AppDelegate.swift in Sources */,
				83F4A5932BEE399D00CC3C4B /* JournalDetailTableViewController.swift in Sources */,
				83F4A5972BEE408400CC3C4B /* JournalDetailTableLabelCell.swift in Sources */,
				83A10B562BF62BEE009772A6 /* DefaultJournalListViewUseCase.swift in Sources */,
				83A10B6A2BF64AC9009772A6 /* DefaultAddJournalViewUseCase.swift in Sources */,
				83182EE12BECCDD700F81A7C /* SceneDelegate.swift in Sources */,
				83F4A59A2BEE417F00CC3C4B /* JournalDetailTableTextCell.swift in Sources */,
				83A10B592BF62C82009772A6 /* JournalService.swift in Sources */,
				83F4A5B02BEE665500CC3C4B /* JournalDetailTableViewModel.swift in Sources */,
				83F4A5912BEE263B00CC3C4B /* JournalListViewModel.swift in Sources */,
				83182F192BECE14A00F81A7C /* MapViewController.swift in Sources */,
				83A10B612BF63B9C009772A6 /* Module.swift in Sources */,
				83A10B5F2BF63B8B009772A6 /* Injected.swift in Sources */,
				83F4A58D2BEE245F00CC3C4B /* JournalMock.swift in Sources */,
				83182F1C2BECE40600F81A7C /* AppAppearance.swift in Sources */,
				83A10B5C2BF63900009772A6 /* DIContainer.swift in Sources */,
				83F4A59C2BEE41F200CC3C4B /* JournalDetailTableImageCell.swift in Sources */,
			);
			runOnlyForDeploymentPostprocessing = 0;
		};
		83182EED2BECCDD900F81A7C /* Sources */ = {
			isa = PBXSourcesBuildPhase;
			buildActionMask = 2147483647;
			files = (
				83182EF62BECCDD900F81A7C /* JRNL_ProgrammaticallyTests.swift in Sources */,
			);
			runOnlyForDeploymentPostprocessing = 0;
		};
		83182EF72BECCDD900F81A7C /* Sources */ = {
			isa = PBXSourcesBuildPhase;
			buildActionMask = 2147483647;
			files = (
				83182F022BECCDD900F81A7C /* JRNL_ProgrammaticallyUITestsLaunchTests.swift in Sources */,
				83182F002BECCDD900F81A7C /* JRNL_ProgrammaticallyUITests.swift in Sources */,
			);
			runOnlyForDeploymentPostprocessing = 0;
		};
/* End PBXSourcesBuildPhase section */

/* Begin PBXTargetDependency section */
		83182EF32BECCDD900F81A7C /* PBXTargetDependency */ = {
			isa = PBXTargetDependency;
			target = 83182EDA2BECCDD700F81A7C /* JRNL-Programmatically */;
			targetProxy = 83182EF22BECCDD900F81A7C /* PBXContainerItemProxy */;
		};
		83182EFD2BECCDD900F81A7C /* PBXTargetDependency */ = {
			isa = PBXTargetDependency;
			target = 83182EDA2BECCDD700F81A7C /* JRNL-Programmatically */;
			targetProxy = 83182EFC2BECCDD900F81A7C /* PBXContainerItemProxy */;
		};
/* End PBXTargetDependency section */

/* Begin PBXVariantGroup section */
		83182EE42BECCDD700F81A7C /* Main.storyboard */ = {
			isa = PBXVariantGroup;
			children = (
				83182EE52BECCDD700F81A7C /* Base */,
			);
			name = Main.storyboard;
			sourceTree = "<group>";
		};
		83182EE92BECCDD900F81A7C /* LaunchScreen.storyboard */ = {
			isa = PBXVariantGroup;
			children = (
				83182EEA2BECCDD900F81A7C /* Base */,
			);
			name = LaunchScreen.storyboard;
			sourceTree = "<group>";
		};
/* End PBXVariantGroup section */

/* Begin XCBuildConfiguration section */
		83182F032BECCDD900F81A7C /* Debug */ = {
			isa = XCBuildConfiguration;
			buildSettings = {
				ALWAYS_SEARCH_USER_PATHS = NO;
				ASSETCATALOG_COMPILER_GENERATE_SWIFT_ASSET_SYMBOL_EXTENSIONS = YES;
				CLANG_ANALYZER_NONNULL = YES;
				CLANG_ANALYZER_NUMBER_OBJECT_CONVERSION = YES_AGGRESSIVE;
				CLANG_CXX_LANGUAGE_STANDARD = "gnu++20";
				CLANG_ENABLE_MODULES = YES;
				CLANG_ENABLE_OBJC_ARC = YES;
				CLANG_ENABLE_OBJC_WEAK = YES;
				CLANG_WARN_BLOCK_CAPTURE_AUTORELEASING = YES;
				CLANG_WARN_BOOL_CONVERSION = YES;
				CLANG_WARN_COMMA = YES;
				CLANG_WARN_CONSTANT_CONVERSION = YES;
				CLANG_WARN_DEPRECATED_OBJC_IMPLEMENTATIONS = YES;
				CLANG_WARN_DIRECT_OBJC_ISA_USAGE = YES_ERROR;
				CLANG_WARN_DOCUMENTATION_COMMENTS = YES;
				CLANG_WARN_EMPTY_BODY = YES;
				CLANG_WARN_ENUM_CONVERSION = YES;
				CLANG_WARN_INFINITE_RECURSION = YES;
				CLANG_WARN_INT_CONVERSION = YES;
				CLANG_WARN_NON_LITERAL_NULL_CONVERSION = YES;
				CLANG_WARN_OBJC_IMPLICIT_RETAIN_SELF = YES;
				CLANG_WARN_OBJC_LITERAL_CONVERSION = YES;
				CLANG_WARN_OBJC_ROOT_CLASS = YES_ERROR;
				CLANG_WARN_QUOTED_INCLUDE_IN_FRAMEWORK_HEADER = YES;
				CLANG_WARN_RANGE_LOOP_ANALYSIS = YES;
				CLANG_WARN_STRICT_PROTOTYPES = YES;
				CLANG_WARN_SUSPICIOUS_MOVE = YES;
				CLANG_WARN_UNGUARDED_AVAILABILITY = YES_AGGRESSIVE;
				CLANG_WARN_UNREACHABLE_CODE = YES;
				CLANG_WARN__DUPLICATE_METHOD_MATCH = YES;
				COPY_PHASE_STRIP = NO;
				DEBUG_INFORMATION_FORMAT = dwarf;
				ENABLE_STRICT_OBJC_MSGSEND = YES;
				ENABLE_TESTABILITY = YES;
				ENABLE_USER_SCRIPT_SANDBOXING = YES;
				GCC_C_LANGUAGE_STANDARD = gnu17;
				GCC_DYNAMIC_NO_PIC = NO;
				GCC_NO_COMMON_BLOCKS = YES;
				GCC_OPTIMIZATION_LEVEL = 0;
				GCC_PREPROCESSOR_DEFINITIONS = (
					"DEBUG=1",
					"$(inherited)",
				);
				GCC_WARN_64_TO_32_BIT_CONVERSION = YES;
				GCC_WARN_ABOUT_RETURN_TYPE = YES_ERROR;
				GCC_WARN_UNDECLARED_SELECTOR = YES;
				GCC_WARN_UNINITIALIZED_AUTOS = YES_AGGRESSIVE;
				GCC_WARN_UNUSED_FUNCTION = YES;
				GCC_WARN_UNUSED_VARIABLE = YES;
				IPHONEOS_DEPLOYMENT_TARGET = 17.4;
				LOCALIZATION_PREFERS_STRING_CATALOGS = YES;
				MTL_ENABLE_DEBUG_INFO = INCLUDE_SOURCE;
				MTL_FAST_MATH = YES;
				ONLY_ACTIVE_ARCH = YES;
				SDKROOT = iphoneos;
				SWIFT_ACTIVE_COMPILATION_CONDITIONS = "DEBUG $(inherited)";
				SWIFT_OPTIMIZATION_LEVEL = "-Onone";
			};
			name = Debug;
		};
		83182F042BECCDD900F81A7C /* Release */ = {
			isa = XCBuildConfiguration;
			buildSettings = {
				ALWAYS_SEARCH_USER_PATHS = NO;
				ASSETCATALOG_COMPILER_GENERATE_SWIFT_ASSET_SYMBOL_EXTENSIONS = YES;
				CLANG_ANALYZER_NONNULL = YES;
				CLANG_ANALYZER_NUMBER_OBJECT_CONVERSION = YES_AGGRESSIVE;
				CLANG_CXX_LANGUAGE_STANDARD = "gnu++20";
				CLANG_ENABLE_MODULES = YES;
				CLANG_ENABLE_OBJC_ARC = YES;
				CLANG_ENABLE_OBJC_WEAK = YES;
				CLANG_WARN_BLOCK_CAPTURE_AUTORELEASING = YES;
				CLANG_WARN_BOOL_CONVERSION = YES;
				CLANG_WARN_COMMA = YES;
				CLANG_WARN_CONSTANT_CONVERSION = YES;
				CLANG_WARN_DEPRECATED_OBJC_IMPLEMENTATIONS = YES;
				CLANG_WARN_DIRECT_OBJC_ISA_USAGE = YES_ERROR;
				CLANG_WARN_DOCUMENTATION_COMMENTS = YES;
				CLANG_WARN_EMPTY_BODY = YES;
				CLANG_WARN_ENUM_CONVERSION = YES;
				CLANG_WARN_INFINITE_RECURSION = YES;
				CLANG_WARN_INT_CONVERSION = YES;
				CLANG_WARN_NON_LITERAL_NULL_CONVERSION = YES;
				CLANG_WARN_OBJC_IMPLICIT_RETAIN_SELF = YES;
				CLANG_WARN_OBJC_LITERAL_CONVERSION = YES;
				CLANG_WARN_OBJC_ROOT_CLASS = YES_ERROR;
				CLANG_WARN_QUOTED_INCLUDE_IN_FRAMEWORK_HEADER = YES;
				CLANG_WARN_RANGE_LOOP_ANALYSIS = YES;
				CLANG_WARN_STRICT_PROTOTYPES = YES;
				CLANG_WARN_SUSPICIOUS_MOVE = YES;
				CLANG_WARN_UNGUARDED_AVAILABILITY = YES_AGGRESSIVE;
				CLANG_WARN_UNREACHABLE_CODE = YES;
				CLANG_WARN__DUPLICATE_METHOD_MATCH = YES;
				COPY_PHASE_STRIP = NO;
				DEBUG_INFORMATION_FORMAT = "dwarf-with-dsym";
				ENABLE_NS_ASSERTIONS = NO;
				ENABLE_STRICT_OBJC_MSGSEND = YES;
				ENABLE_USER_SCRIPT_SANDBOXING = YES;
				GCC_C_LANGUAGE_STANDARD = gnu17;
				GCC_NO_COMMON_BLOCKS = YES;
				GCC_WARN_64_TO_32_BIT_CONVERSION = YES;
				GCC_WARN_ABOUT_RETURN_TYPE = YES_ERROR;
				GCC_WARN_UNDECLARED_SELECTOR = YES;
				GCC_WARN_UNINITIALIZED_AUTOS = YES_AGGRESSIVE;
				GCC_WARN_UNUSED_FUNCTION = YES;
				GCC_WARN_UNUSED_VARIABLE = YES;
				IPHONEOS_DEPLOYMENT_TARGET = 17.4;
				LOCALIZATION_PREFERS_STRING_CATALOGS = YES;
				MTL_ENABLE_DEBUG_INFO = NO;
				MTL_FAST_MATH = YES;
				SDKROOT = iphoneos;
				SWIFT_COMPILATION_MODE = wholemodule;
				VALIDATE_PRODUCT = YES;
			};
			name = Release;
		};
		83182F062BECCDD900F81A7C /* Debug */ = {
			isa = XCBuildConfiguration;
			buildSettings = {
				ASSETCATALOG_COMPILER_APPICON_NAME = AppIcon;
				ASSETCATALOG_COMPILER_GLOBAL_ACCENT_COLOR_NAME = AccentColor;
				CODE_SIGN_STYLE = Automatic;
				CURRENT_PROJECT_VERSION = 1;
				DEVELOPMENT_TEAM = ERT3ZH7BA7;
				GENERATE_INFOPLIST_FILE = YES;
				INFOPLIST_FILE = "JRNL-Programmatically/Info.plist";
				INFOPLIST_KEY_NSLocationAlwaysAndWhenInUseUsageDescription = "사용자의 위치정보를 항상 확인합니다.";
				INFOPLIST_KEY_NSLocationWhenInUseUsageDescription = "사용자의 위치정보를 사용 중에만 확인합니다.";
				INFOPLIST_KEY_UIApplicationSupportsIndirectInputEvents = YES;
				INFOPLIST_KEY_UILaunchStoryboardName = LaunchScreen;
				INFOPLIST_KEY_UIMainStoryboardFile = Main;
				INFOPLIST_KEY_UISupportedInterfaceOrientations_iPad = "UIInterfaceOrientationPortrait UIInterfaceOrientationPortraitUpsideDown UIInterfaceOrientationLandscapeLeft UIInterfaceOrientationLandscapeRight";
				INFOPLIST_KEY_UISupportedInterfaceOrientations_iPhone = "UIInterfaceOrientationPortrait UIInterfaceOrientationLandscapeLeft UIInterfaceOrientationLandscapeRight";
				LD_RUNPATH_SEARCH_PATHS = (
					"$(inherited)",
					"@executable_path/Frameworks",
				);
				MARKETING_VERSION = 1.0;
				PRODUCT_BUNDLE_IDENTIFIER = "co.kr.devwoong.JRNL-Programmatically";
				PRODUCT_NAME = "$(TARGET_NAME)";
				SWIFT_EMIT_LOC_STRINGS = YES;
				SWIFT_VERSION = 5.0;
				TARGETED_DEVICE_FAMILY = "1,2";
			};
			name = Debug;
		};
		83182F072BECCDD900F81A7C /* Release */ = {
			isa = XCBuildConfiguration;
			buildSettings = {
				ASSETCATALOG_COMPILER_APPICON_NAME = AppIcon;
				ASSETCATALOG_COMPILER_GLOBAL_ACCENT_COLOR_NAME = AccentColor;
				CODE_SIGN_STYLE = Automatic;
				CURRENT_PROJECT_VERSION = 1;
				DEVELOPMENT_TEAM = ERT3ZH7BA7;
				GENERATE_INFOPLIST_FILE = YES;
				INFOPLIST_FILE = "JRNL-Programmatically/Info.plist";
				INFOPLIST_KEY_NSLocationAlwaysAndWhenInUseUsageDescription = "사용자의 위치정보를 항상 확인합니다.";
				INFOPLIST_KEY_NSLocationWhenInUseUsageDescription = "사용자의 위치정보를 사용 중에만 확인합니다.";
				INFOPLIST_KEY_UIApplicationSupportsIndirectInputEvents = YES;
				INFOPLIST_KEY_UILaunchStoryboardName = LaunchScreen;
				INFOPLIST_KEY_UIMainStoryboardFile = Main;
				INFOPLIST_KEY_UISupportedInterfaceOrientations_iPad = "UIInterfaceOrientationPortrait UIInterfaceOrientationPortraitUpsideDown UIInterfaceOrientationLandscapeLeft UIInterfaceOrientationLandscapeRight";
				INFOPLIST_KEY_UISupportedInterfaceOrientations_iPhone = "UIInterfaceOrientationPortrait UIInterfaceOrientationLandscapeLeft UIInterfaceOrientationLandscapeRight";
				LD_RUNPATH_SEARCH_PATHS = (
					"$(inherited)",
					"@executable_path/Frameworks",
				);
				MARKETING_VERSION = 1.0;
				PRODUCT_BUNDLE_IDENTIFIER = "co.kr.devwoong.JRNL-Programmatically";
				PRODUCT_NAME = "$(TARGET_NAME)";
				SWIFT_EMIT_LOC_STRINGS = YES;
				SWIFT_VERSION = 5.0;
				TARGETED_DEVICE_FAMILY = "1,2";
			};
			name = Release;
		};
		83182F092BECCDD900F81A7C /* Debug */ = {
			isa = XCBuildConfiguration;
			buildSettings = {
				ALWAYS_EMBED_SWIFT_STANDARD_LIBRARIES = YES;
				BUNDLE_LOADER = "$(TEST_HOST)";
				CODE_SIGN_STYLE = Automatic;
				CURRENT_PROJECT_VERSION = 1;
				DEVELOPMENT_TEAM = ERT3ZH7BA7;
				GENERATE_INFOPLIST_FILE = YES;
				IPHONEOS_DEPLOYMENT_TARGET = 17.4;
				MARKETING_VERSION = 1.0;
				PRODUCT_BUNDLE_IDENTIFIER = "co.kr.devwoong.JRNL-ProgrammaticallyTests";
				PRODUCT_NAME = "$(TARGET_NAME)";
				SWIFT_EMIT_LOC_STRINGS = NO;
				SWIFT_VERSION = 5.0;
				TARGETED_DEVICE_FAMILY = "1,2";
				TEST_HOST = "$(BUILT_PRODUCTS_DIR)/JRNL-Programmatically.app/$(BUNDLE_EXECUTABLE_FOLDER_PATH)/JRNL-Programmatically";
			};
			name = Debug;
		};
		83182F0A2BECCDD900F81A7C /* Release */ = {
			isa = XCBuildConfiguration;
			buildSettings = {
				ALWAYS_EMBED_SWIFT_STANDARD_LIBRARIES = YES;
				BUNDLE_LOADER = "$(TEST_HOST)";
				CODE_SIGN_STYLE = Automatic;
				CURRENT_PROJECT_VERSION = 1;
				DEVELOPMENT_TEAM = ERT3ZH7BA7;
				GENERATE_INFOPLIST_FILE = YES;
				IPHONEOS_DEPLOYMENT_TARGET = 17.4;
				MARKETING_VERSION = 1.0;
				PRODUCT_BUNDLE_IDENTIFIER = "co.kr.devwoong.JRNL-ProgrammaticallyTests";
				PRODUCT_NAME = "$(TARGET_NAME)";
				SWIFT_EMIT_LOC_STRINGS = NO;
				SWIFT_VERSION = 5.0;
				TARGETED_DEVICE_FAMILY = "1,2";
				TEST_HOST = "$(BUILT_PRODUCTS_DIR)/JRNL-Programmatically.app/$(BUNDLE_EXECUTABLE_FOLDER_PATH)/JRNL-Programmatically";
			};
			name = Release;
		};
		83182F0C2BECCDD900F81A7C /* Debug */ = {
			isa = XCBuildConfiguration;
			buildSettings = {
				ALWAYS_EMBED_SWIFT_STANDARD_LIBRARIES = YES;
				CODE_SIGN_STYLE = Automatic;
				CURRENT_PROJECT_VERSION = 1;
				DEVELOPMENT_TEAM = ERT3ZH7BA7;
				GENERATE_INFOPLIST_FILE = YES;
				MARKETING_VERSION = 1.0;
				PRODUCT_BUNDLE_IDENTIFIER = "co.kr.devwoong.JRNL-ProgrammaticallyUITests";
				PRODUCT_NAME = "$(TARGET_NAME)";
				SWIFT_EMIT_LOC_STRINGS = NO;
				SWIFT_VERSION = 5.0;
				TARGETED_DEVICE_FAMILY = "1,2";
				TEST_TARGET_NAME = "JRNL-Programmatically";
			};
			name = Debug;
		};
		83182F0D2BECCDD900F81A7C /* Release */ = {
			isa = XCBuildConfiguration;
			buildSettings = {
				ALWAYS_EMBED_SWIFT_STANDARD_LIBRARIES = YES;
				CODE_SIGN_STYLE = Automatic;
				CURRENT_PROJECT_VERSION = 1;
				DEVELOPMENT_TEAM = ERT3ZH7BA7;
				GENERATE_INFOPLIST_FILE = YES;
				MARKETING_VERSION = 1.0;
				PRODUCT_BUNDLE_IDENTIFIER = "co.kr.devwoong.JRNL-ProgrammaticallyUITests";
				PRODUCT_NAME = "$(TARGET_NAME)";
				SWIFT_EMIT_LOC_STRINGS = NO;
				SWIFT_VERSION = 5.0;
				TARGETED_DEVICE_FAMILY = "1,2";
				TEST_TARGET_NAME = "JRNL-Programmatically";
			};
			name = Release;
		};
/* End XCBuildConfiguration section */

/* Begin XCConfigurationList section */
		83182ED62BECCDD700F81A7C /* Build configuration list for PBXProject "JRNL-Programmatically" */ = {
			isa = XCConfigurationList;
			buildConfigurations = (
				83182F032BECCDD900F81A7C /* Debug */,
				83182F042BECCDD900F81A7C /* Release */,
			);
			defaultConfigurationIsVisible = 0;
			defaultConfigurationName = Release;
		};
		83182F052BECCDD900F81A7C /* Build configuration list for PBXNativeTarget "JRNL-Programmatically" */ = {
			isa = XCConfigurationList;
			buildConfigurations = (
				83182F062BECCDD900F81A7C /* Debug */,
				83182F072BECCDD900F81A7C /* Release */,
			);
			defaultConfigurationIsVisible = 0;
			defaultConfigurationName = Release;
		};
		83182F082BECCDD900F81A7C /* Build configuration list for PBXNativeTarget "JRNL-ProgrammaticallyTests" */ = {
			isa = XCConfigurationList;
			buildConfigurations = (
				83182F092BECCDD900F81A7C /* Debug */,
				83182F0A2BECCDD900F81A7C /* Release */,
			);
			defaultConfigurationIsVisible = 0;
			defaultConfigurationName = Release;
		};
		83182F0B2BECCDD900F81A7C /* Build configuration list for PBXNativeTarget "JRNL-ProgrammaticallyUITests" */ = {
			isa = XCConfigurationList;
			buildConfigurations = (
				83182F0C2BECCDD900F81A7C /* Debug */,
				83182F0D2BECCDD900F81A7C /* Release */,
			);
			defaultConfigurationIsVisible = 0;
			defaultConfigurationName = Release;
		};
/* End XCConfigurationList section */
	};
	rootObject = 83182ED32BECCDD700F81A7C /* Project object */;
}
